// !$*UTF8*$!
{
	archiveVersion = 1;
	classes = {
	};
	objectVersion = 50;
	objects = {

/* Begin PBXBuildFile section */
		1CBE2C392708DCCA0063AED6 /* Swipeable_Instagram_View_LayoutApp.swift in Sources */ = {isa = PBXBuildFile; fileRef = 1CBE2C262708DCC60063AED6 /* Swipeable_Instagram_View_LayoutApp.swift */; };
		1CBE2C3A2708DCCA0063AED6 /* Swipeable_Instagram_View_LayoutApp.swift in Sources */ = {isa = PBXBuildFile; fileRef = 1CBE2C262708DCC60063AED6 /* Swipeable_Instagram_View_LayoutApp.swift */; };
		1CBE2C3B2708DCCA0063AED6 /* ContentView.swift in Sources */ = {isa = PBXBuildFile; fileRef = 1CBE2C272708DCC60063AED6 /* ContentView.swift */; };
		1CBE2C3C2708DCCA0063AED6 /* ContentView.swift in Sources */ = {isa = PBXBuildFile; fileRef = 1CBE2C272708DCC60063AED6 /* ContentView.swift */; };
		1CBE2C3D2708DCCA0063AED6 /* Assets.xcassets in Resources */ = {isa = PBXBuildFile; fileRef = 1CBE2C282708DCCA0063AED6 /* Assets.xcassets */; };
		1CBE2C3E2708DCCA0063AED6 /* Assets.xcassets in Resources */ = {isa = PBXBuildFile; fileRef = 1CBE2C282708DCCA0063AED6 /* Assets.xcassets */; };
		1CBE2C4A270901FD0063AED6 /* Home.swift in Sources */ = {isa = PBXBuildFile; fileRef = 1CBE2C49270901FD0063AED6 /* Home.swift */; };
		1CBE2C4C270907260063AED6 /* FeedView.swift in Sources */ = {isa = PBXBuildFile; fileRef = 1CBE2C4B270907260063AED6 /* FeedView.swift */; };
		1CBE2C4E27090AC90063AED6 /* Post.swift in Sources */ = {isa = PBXBuildFile; fileRef = 1CBE2C4D27090AC90063AED6 /* Post.swift */; };
		1CBE2C50270910DB0063AED6 /* MainView.swift in Sources */ = {isa = PBXBuildFile; fileRef = 1CBE2C4F270910DB0063AED6 /* MainView.swift */; };
		1CBE2C53270978A50063AED6 /* ScrollableTabBar.swift in Sources */ = {isa = PBXBuildFile; fileRef = 1CBE2C52270978A50063AED6 /* ScrollableTabBar.swift */; };
		1CBE2C5527097F970063AED6 /* PostView.swift in Sources */ = {isa = PBXBuildFile; fileRef = 1CBE2C5427097F970063AED6 /* PostView.swift */; };
		1CBE2C57270981840063AED6 /* DirectView.swift in Sources */ = {isa = PBXBuildFile; fileRef = 1CBE2C56270981840063AED6 /* DirectView.swift */; };
		1CBE2C59270989A90063AED6 /* CustomCamera.swift in Sources */ = {isa = PBXBuildFile; fileRef = 1CBE2C58270989A90063AED6 /* CustomCamera.swift */; };
/* End PBXBuildFile section */

/* Begin PBXFileReference section */
		1CBE2C262708DCC60063AED6 /* Swipeable_Instagram_View_LayoutApp.swift */ = {isa = PBXFileReference; lastKnownFileType = sourcecode.swift; path = Swipeable_Instagram_View_LayoutApp.swift; sourceTree = "<group>"; };
		1CBE2C272708DCC60063AED6 /* ContentView.swift */ = {isa = PBXFileReference; lastKnownFileType = sourcecode.swift; path = ContentView.swift; sourceTree = "<group>"; };
		1CBE2C282708DCCA0063AED6 /* Assets.xcassets */ = {isa = PBXFileReference; lastKnownFileType = folder.assetcatalog; path = Assets.xcassets; sourceTree = "<group>"; };
		1CBE2C2D2708DCCA0063AED6 /* Swipeable Instagram View Layout.app */ = {isa = PBXFileReference; explicitFileType = wrapper.application; includeInIndex = 0; path = "Swipeable Instagram View Layout.app"; sourceTree = BUILT_PRODUCTS_DIR; };
		1CBE2C302708DCCA0063AED6 /* Info.plist */ = {isa = PBXFileReference; lastKnownFileType = text.plist.xml; path = Info.plist; sourceTree = "<group>"; };
		1CBE2C352708DCCA0063AED6 /* Swipeable Instagram View Layout.app */ = {isa = PBXFileReference; explicitFileType = wrapper.application; includeInIndex = 0; path = "Swipeable Instagram View Layout.app"; sourceTree = BUILT_PRODUCTS_DIR; };
		1CBE2C372708DCCA0063AED6 /* Info.plist */ = {isa = PBXFileReference; lastKnownFileType = text.plist.xml; path = Info.plist; sourceTree = "<group>"; };
		1CBE2C382708DCCA0063AED6 /* macOS.entitlements */ = {isa = PBXFileReference; lastKnownFileType = text.plist.entitlements; path = macOS.entitlements; sourceTree = "<group>"; };
		1CBE2C49270901FD0063AED6 /* Home.swift */ = {isa = PBXFileReference; lastKnownFileType = sourcecode.swift; path = Home.swift; sourceTree = "<group>"; };
		1CBE2C4B270907260063AED6 /* FeedView.swift */ = {isa = PBXFileReference; lastKnownFileType = sourcecode.swift; path = FeedView.swift; sourceTree = "<group>"; };
		1CBE2C4D27090AC90063AED6 /* Post.swift */ = {isa = PBXFileReference; fileEncoding = 4; lastKnownFileType = sourcecode.swift; path = Post.swift; sourceTree = "<group>"; };
		1CBE2C4F270910DB0063AED6 /* MainView.swift */ = {isa = PBXFileReference; lastKnownFileType = sourcecode.swift; path = MainView.swift; sourceTree = "<group>"; };
		1CBE2C52270978A50063AED6 /* ScrollableTabBar.swift */ = {isa = PBXFileReference; lastKnownFileType = sourcecode.swift; path = ScrollableTabBar.swift; sourceTree = "<group>"; };
		1CBE2C5427097F970063AED6 /* PostView.swift */ = {isa = PBXFileReference; lastKnownFileType = sourcecode.swift; path = PostView.swift; sourceTree = "<group>"; };
		1CBE2C56270981840063AED6 /* DirectView.swift */ = {isa = PBXFileReference; lastKnownFileType = sourcecode.swift; path = DirectView.swift; sourceTree = "<group>"; };
		1CBE2C58270989A90063AED6 /* CustomCamera.swift */ = {isa = PBXFileReference; lastKnownFileType = sourcecode.swift; path = CustomCamera.swift; sourceTree = "<group>"; };
/* End PBXFileReference section */

/* Begin PBXFrameworksBuildPhase section */
		1CBE2C2A2708DCCA0063AED6 /* Frameworks */ = {
			isa = PBXFrameworksBuildPhase;
			buildActionMask = 2147483647;
			files = (
			);
			runOnlyForDeploymentPostprocessing = 0;
		};
		1CBE2C322708DCCA0063AED6 /* Frameworks */ = {
			isa = PBXFrameworksBuildPhase;
			buildActionMask = 2147483647;
			files = (
			);
			runOnlyForDeploymentPostprocessing = 0;
		};
/* End PBXFrameworksBuildPhase section */

/* Begin PBXGroup section */
		1CBE2C202708DCC50063AED6 = {
			isa = PBXGroup;
			children = (
				1CBE2C252708DCC60063AED6 /* Shared */,
				1CBE2C2F2708DCCA0063AED6 /* iOS */,
				1CBE2C362708DCCA0063AED6 /* macOS */,
				1CBE2C2E2708DCCA0063AED6 /* Products */,
			);
			sourceTree = "<group>";
		};
		1CBE2C252708DCC60063AED6 /* Shared */ = {
			isa = PBXGroup;
			children = (
				1CBE2C51270978860063AED6 /* Plugin */,
				1CBE2C48270901CA0063AED6 /* Model */,
				1CBE2C47270901C00063AED6 /* View */,
				1CBE2C262708DCC60063AED6 /* Swipeable_Instagram_View_LayoutApp.swift */,
				1CBE2C272708DCC60063AED6 /* ContentView.swift */,
				1CBE2C282708DCCA0063AED6 /* Assets.xcassets */,
			);
			path = Shared;
			sourceTree = "<group>";
		};
		1CBE2C2E2708DCCA0063AED6 /* Products */ = {
			isa = PBXGroup;
			children = (
				1CBE2C2D2708DCCA0063AED6 /* Swipeable Instagram View Layout.app */,
				1CBE2C352708DCCA0063AED6 /* Swipeable Instagram View Layout.app */,
			);
			name = Products;
			sourceTree = "<group>";
		};
		1CBE2C2F2708DCCA0063AED6 /* iOS */ = {
			isa = PBXGroup;
			children = (
				1CBE2C302708DCCA0063AED6 /* Info.plist */,
			);
			path = iOS;
			sourceTree = "<group>";
		};
		1CBE2C362708DCCA0063AED6 /* macOS */ = {
			isa = PBXGroup;
			children = (
				1CBE2C372708DCCA0063AED6 /* Info.plist */,
				1CBE2C382708DCCA0063AED6 /* macOS.entitlements */,
			);
			path = macOS;
			sourceTree = "<group>";
		};
		1CBE2C47270901C00063AED6 /* View */ = {
			isa = PBXGroup;
			children = (
				1CBE2C49270901FD0063AED6 /* Home.swift */,
				1CBE2C4B270907260063AED6 /* FeedView.swift */,
				1CBE2C4F270910DB0063AED6 /* MainView.swift */,
				1CBE2C5427097F970063AED6 /* PostView.swift */,
				1CBE2C56270981840063AED6 /* DirectView.swift */,
			);
			path = View;
			sourceTree = "<group>";
		};
		1CBE2C48270901CA0063AED6 /* Model */ = {
			isa = PBXGroup;
			children = (
				1CBE2C4D27090AC90063AED6 /* Post.swift */,
			);
			path = Model;
			sourceTree = "<group>";
		};
		1CBE2C51270978860063AED6 /* Plugin */ = {
			isa = PBXGroup;
			children = (
				1CBE2C58270989A90063AED6 /* CustomCamera.swift */,
				1CBE2C52270978A50063AED6 /* ScrollableTabBar.swift */,
			);
			path = Plugin;
			sourceTree = "<group>";
		};
/* End PBXGroup section */

/* Begin PBXNativeTarget section */
		1CBE2C2C2708DCCA0063AED6 /* Swipeable Instagram View Layout (iOS) */ = {
			isa = PBXNativeTarget;
			buildConfigurationList = 1CBE2C412708DCCA0063AED6 /* Build configuration list for PBXNativeTarget "Swipeable Instagram View Layout (iOS)" */;
			buildPhases = (
				1CBE2C292708DCCA0063AED6 /* Sources */,
				1CBE2C2A2708DCCA0063AED6 /* Frameworks */,
				1CBE2C2B2708DCCA0063AED6 /* Resources */,
			);
			buildRules = (
			);
			dependencies = (
			);
			name = "Swipeable Instagram View Layout (iOS)";
			productName = "Swipeable Instagram View Layout (iOS)";
			productReference = 1CBE2C2D2708DCCA0063AED6 /* Swipeable Instagram View Layout.app */;
			productType = "com.apple.product-type.application";
		};
		1CBE2C342708DCCA0063AED6 /* Swipeable Instagram View Layout (macOS) */ = {
			isa = PBXNativeTarget;
			buildConfigurationList = 1CBE2C442708DCCA0063AED6 /* Build configuration list for PBXNativeTarget "Swipeable Instagram View Layout (macOS)" */;
			buildPhases = (
				1CBE2C312708DCCA0063AED6 /* Sources */,
				1CBE2C322708DCCA0063AED6 /* Frameworks */,
				1CBE2C332708DCCA0063AED6 /* Resources */,
			);
			buildRules = (
			);
			dependencies = (
			);
			name = "Swipeable Instagram View Layout (macOS)";
			productName = "Swipeable Instagram View Layout (macOS)";
			productReference = 1CBE2C352708DCCA0063AED6 /* Swipeable Instagram View Layout.app */;
			productType = "com.apple.product-type.application";
		};
/* End PBXNativeTarget section */

/* Begin PBXProject section */
		1CBE2C212708DCC50063AED6 /* Project object */ = {
			isa = PBXProject;
			attributes = {
				LastSwiftUpdateCheck = 1250;
				LastUpgradeCheck = 1250;
				TargetAttributes = {
					1CBE2C2C2708DCCA0063AED6 = {
						CreatedOnToolsVersion = 12.5.1;
					};
					1CBE2C342708DCCA0063AED6 = {
						CreatedOnToolsVersion = 12.5.1;
					};
				};
			};
			buildConfigurationList = 1CBE2C242708DCC50063AED6 /* Build configuration list for PBXProject "Swipeable Instagram View Layout" */;
			compatibilityVersion = "Xcode 9.3";
			developmentRegion = en;
			hasScannedForEncodings = 0;
			knownRegions = (
				en,
				Base,
			);
			mainGroup = 1CBE2C202708DCC50063AED6;
			productRefGroup = 1CBE2C2E2708DCCA0063AED6 /* Products */;
			projectDirPath = "";
			projectRoot = "";
			targets = (
				1CBE2C2C2708DCCA0063AED6 /* Swipeable Instagram View Layout (iOS) */,
				1CBE2C342708DCCA0063AED6 /* Swipeable Instagram View Layout (macOS) */,
			);
		};
/* End PBXProject section */

/* Begin PBXResourcesBuildPhase section */
		1CBE2C2B2708DCCA0063AED6 /* Resources */ = {
			isa = PBXResourcesBuildPhase;
			buildActionMask = 2147483647;
			files = (
				1CBE2C3D2708DCCA0063AED6 /* Assets.xcassets in Resources */,
			);
			runOnlyForDeploymentPostprocessing = 0;
		};
		1CBE2C332708DCCA0063AED6 /* Resources */ = {
			isa = PBXResourcesBuildPhase;
			buildActionMask = 2147483647;
			files = (
				1CBE2C3E2708DCCA0063AED6 /* Assets.xcassets in Resources */,
			);
			runOnlyForDeploymentPostprocessing = 0;
		};
/* End PBXResourcesBuildPhase section */

/* Begin PBXSourcesBuildPhase section */
		1CBE2C292708DCCA0063AED6 /* Sources */ = {
			isa = PBXSourcesBuildPhase;
			buildActionMask = 2147483647;
			files = (
				1CBE2C4C270907260063AED6 /* FeedView.swift in Sources */,
				1CBE2C59270989A90063AED6 /* CustomCamera.swift in Sources */,
				1CBE2C53270978A50063AED6 /* ScrollableTabBar.swift in Sources */,
				1CBE2C5527097F970063AED6 /* PostView.swift in Sources */,
				1CBE2C57270981840063AED6 /* DirectView.swift in Sources */,
				1CBE2C50270910DB0063AED6 /* MainView.swift in Sources */,
				1CBE2C3B2708DCCA0063AED6 /* ContentView.swift in Sources */,
				1CBE2C4A270901FD0063AED6 /* Home.swift in Sources */,
				1CBE2C392708DCCA0063AED6 /* Swipeable_Instagram_View_LayoutApp.swift in Sources */,
				1CBE2C4E27090AC90063AED6 /* Post.swift in Sources */,
			);
			runOnlyForDeploymentPostprocessing = 0;
		};
		1CBE2C312708DCCA0063AED6 /* Sources */ = {
			isa = PBXSourcesBuildPhase;
			buildActionMask = 2147483647;
			files = (
				1CBE2C3C2708DCCA0063AED6 /* ContentView.swift in Sources */,
				1CBE2C3A2708DCCA0063AED6 /* Swipeable_Instagram_View_LayoutApp.swift in Sources */,
			);
			runOnlyForDeploymentPostprocessing = 0;
		};
/* End PBXSourcesBuildPhase section */

/* Begin XCBuildConfiguration section */
		1CBE2C3F2708DCCA0063AED6 /* Debug */ = {
			isa = XCBuildConfiguration;
			buildSettings = {
				ALWAYS_SEARCH_USER_PATHS = NO;
				CLANG_ANALYZER_NONNULL = YES;
				CLANG_ANALYZER_NUMBER_OBJECT_CONVERSION = YES_AGGRESSIVE;
				CLANG_CXX_LANGUAGE_STANDARD = "gnu++14";
				CLANG_CXX_LIBRARY = "libc++";
				CLANG_ENABLE_MODULES = YES;
				CLANG_ENABLE_OBJC_ARC = YES;
				CLANG_ENABLE_OBJC_WEAK = YES;
				CLANG_WARN_BLOCK_CAPTURE_AUTORELEASING = YES;
				CLANG_WARN_BOOL_CONVERSION = YES;
				CLANG_WARN_COMMA = YES;
				CLANG_WARN_CONSTANT_CONVERSION = YES;
				CLANG_WARN_DEPRECATED_OBJC_IMPLEMENTATIONS = YES;
				CLANG_WARN_DIRECT_OBJC_ISA_USAGE = YES_ERROR;
				CLANG_WARN_DOCUMENTATION_COMMENTS = YES;
				CLANG_WARN_EMPTY_BODY = YES;
				CLANG_WARN_ENUM_CONVERSION = YES;
				CLANG_WARN_INFINITE_RECURSION = YES;
				CLANG_WARN_INT_CONVERSION = YES;
				CLANG_WARN_NON_LITERAL_NULL_CONVERSION = YES;
				CLANG_WARN_OBJC_IMPLICIT_RETAIN_SELF = YES;
				CLANG_WARN_OBJC_LITERAL_CONVERSION = YES;
				CLANG_WARN_OBJC_ROOT_CLASS = YES_ERROR;
				CLANG_WARN_QUOTED_INCLUDE_IN_FRAMEWORK_HEADER = YES;
				CLANG_WARN_RANGE_LOOP_ANALYSIS = YES;
				CLANG_WARN_STRICT_PROTOTYPES = YES;
				CLANG_WARN_SUSPICIOUS_MOVE = YES;
				CLANG_WARN_UNGUARDED_AVAILABILITY = YES_AGGRESSIVE;
				CLANG_WARN_UNREACHABLE_CODE = YES;
				CLANG_WARN__DUPLICATE_METHOD_MATCH = YES;
				COPY_PHASE_STRIP = NO;
				DEBUG_INFORMATION_FORMAT = dwarf;
				ENABLE_STRICT_OBJC_MSGSEND = YES;
				ENABLE_TESTABILITY = YES;
				GCC_C_LANGUAGE_STANDARD = gnu11;
				GCC_DYNAMIC_NO_PIC = NO;
				GCC_NO_COMMON_BLOCKS = YES;
				GCC_OPTIMIZATION_LEVEL = 0;
				GCC_PREPROCESSOR_DEFINITIONS = (
					"DEBUG=1",
					"$(inherited)",
				);
				GCC_WARN_64_TO_32_BIT_CONVERSION = YES;
				GCC_WARN_ABOUT_RETURN_TYPE = YES_ERROR;
				GCC_WARN_UNDECLARED_SELECTOR = YES;
				GCC_WARN_UNINITIALIZED_AUTOS = YES_AGGRESSIVE;
				GCC_WARN_UNUSED_FUNCTION = YES;
				GCC_WARN_UNUSED_VARIABLE = YES;
				MTL_ENABLE_DEBUG_INFO = INCLUDE_SOURCE;
				MTL_FAST_MATH = YES;
				ONLY_ACTIVE_ARCH = YES;
				SWIFT_ACTIVE_COMPILATION_CONDITIONS = DEBUG;
				SWIFT_OPTIMIZATION_LEVEL = "-Onone";
			};
			name = Debug;
		};
		1CBE2C402708DCCA0063AED6 /* Release */ = {
			isa = XCBuildConfiguration;
			buildSettings = {
				ALWAYS_SEARCH_USER_PATHS = NO;
				CLANG_ANALYZER_NONNULL = YES;
				CLANG_ANALYZER_NUMBER_OBJECT_CONVERSION = YES_AGGRESSIVE;
				CLANG_CXX_LANGUAGE_STANDARD = "gnu++14";
				CLANG_CXX_LIBRARY = "libc++";
				CLANG_ENABLE_MODULES = YES;
				CLANG_ENABLE_OBJC_ARC = YES;
				CLANG_ENABLE_OBJC_WEAK = YES;
				CLANG_WARN_BLOCK_CAPTURE_AUTORELEASING = YES;
				CLANG_WARN_BOOL_CONVERSION = YES;
				CLANG_WARN_COMMA = YES;
				CLANG_WARN_CONSTANT_CONVERSION = YES;
				CLANG_WARN_DEPRECATED_OBJC_IMPLEMENTATIONS = YES;
				CLANG_WARN_DIRECT_OBJC_ISA_USAGE = YES_ERROR;
				CLANG_WARN_DOCUMENTATION_COMMENTS = YES;
				CLANG_WARN_EMPTY_BODY = YES;
				CLANG_WARN_ENUM_CONVERSION = YES;
				CLANG_WARN_INFINITE_RECURSION = YES;
				CLANG_WARN_INT_CONVERSION = YES;
				CLANG_WARN_NON_LITERAL_NULL_CONVERSION = YES;
				CLANG_WARN_OBJC_IMPLICIT_RETAIN_SELF = YES;
				CLANG_WARN_OBJC_LITERAL_CONVERSION = YES;
				CLANG_WARN_OBJC_ROOT_CLASS = YES_ERROR;
				CLANG_WARN_QUOTED_INCLUDE_IN_FRAMEWORK_HEADER = YES;
				CLANG_WARN_RANGE_LOOP_ANALYSIS = YES;
				CLANG_WARN_STRICT_PROTOTYPES = YES;
				CLANG_WARN_SUSPICIOUS_MOVE = YES;
				CLANG_WARN_UNGUARDED_AVAILABILITY = YES_AGGRESSIVE;
				CLANG_WARN_UNREACHABLE_CODE = YES;
				CLANG_WARN__DUPLICATE_METHOD_MATCH = YES;
				COPY_PHASE_STRIP = NO;
				DEBUG_INFORMATION_FORMAT = "dwarf-with-dsym";
				ENABLE_NS_ASSERTIONS = NO;
				ENABLE_STRICT_OBJC_MSGSEND = YES;
				GCC_C_LANGUAGE_STANDARD = gnu11;
				GCC_NO_COMMON_BLOCKS = YES;
				GCC_WARN_64_TO_32_BIT_CONVERSION = YES;
				GCC_WARN_ABOUT_RETURN_TYPE = YES_ERROR;
				GCC_WARN_UNDECLARED_SELECTOR = YES;
				GCC_WARN_UNINITIALIZED_AUTOS = YES_AGGRESSIVE;
				GCC_WARN_UNUSED_FUNCTION = YES;
				GCC_WARN_UNUSED_VARIABLE = YES;
				MTL_ENABLE_DEBUG_INFO = NO;
				MTL_FAST_MATH = YES;
				SWIFT_COMPILATION_MODE = wholemodule;
				SWIFT_OPTIMIZATION_LEVEL = "-O";
			};
			name = Release;
		};
		1CBE2C422708DCCA0063AED6 /* Debug */ = {
			isa = XCBuildConfiguration;
			buildSettings = {
				ASSETCATALOG_COMPILER_APPICON_NAME = AppIcon;
				ASSETCATALOG_COMPILER_GLOBAL_ACCENT_COLOR_NAME = AccentColor;
				CODE_SIGN_STYLE = Automatic;
				DEVELOPMENT_TEAM = L94FRY6ZUZ;
				ENABLE_PREVIEWS = YES;
				INFOPLIST_FILE = iOS/Info.plist;
				IPHONEOS_DEPLOYMENT_TARGET = 14.0;
				LD_RUNPATH_SEARCH_PATHS = (
					"$(inherited)",
					"@executable_path/Frameworks",
				);
				PRODUCT_BUNDLE_IDENTIFIER = "dnstylish.com.Swipeable-Instagram-View-Layout";
				PRODUCT_NAME = "Swipeable Instagram View Layout";
				SDKROOT = iphoneos;
				SWIFT_VERSION = 5.0;
				TARGETED_DEVICE_FAMILY = "1,2";
			};
			name = Debug;
		};
		1CBE2C432708DCCA0063AED6 /* Release */ = {
			isa = XCBuildConfiguration;
			buildSettings = {
				ASSETCATALOG_COMPILER_APPICON_NAME = AppIcon;
				ASSETCATALOG_COMPILER_GLOBAL_ACCENT_COLOR_NAME = AccentColor;
				CODE_SIGN_STYLE = Automatic;
				DEVELOPMENT_TEAM = L94FRY6ZUZ;
				ENABLE_PREVIEWS = YES;
				INFOPLIST_FILE = iOS/Info.plist;
				IPHONEOS_DEPLOYMENT_TARGET = 14.0;
				LD_RUNPATH_SEARCH_PATHS = (
					"$(inherited)",
					"@executable_path/Frameworks",
				);
				PRODUCT_BUNDLE_IDENTIFIER = "dnstylish.com.Swipeable-Instagram-View-Layout";
				PRODUCT_NAME = "Swipeable Instagram View Layout";
				SDKROOT = iphoneos;
				SWIFT_VERSION = 5.0;
				TARGETED_DEVICE_FAMILY = "1,2";
				VALIDATE_PRODUCT = YES;
			};
			name = Release;
		};
		1CBE2C452708DCCA0063AED6 /* Debug */ = {
			isa = XCBuildConfiguration;
			buildSettings = {
				ASSETCATALOG_COMPILER_APPICON_NAME = AppIcon;
				ASSETCATALOG_COMPILER_GLOBAL_ACCENT_COLOR_NAME = AccentColor;
				CODE_SIGN_ENTITLEMENTS = macOS/macOS.entitlements;
				CODE_SIGN_STYLE = Automatic;
				COMBINE_HIDPI_IMAGES = YES;
				DEVELOPMENT_TEAM = L94FRY6ZUZ;
				ENABLE_HARDENED_RUNTIME = YES;
				ENABLE_PREVIEWS = YES;
				INFOPLIST_FILE = macOS/Info.plist;
				LD_RUNPATH_SEARCH_PATHS = (
					"$(inherited)",
					"@executable_path/../Frameworks",
				);
				MACOSX_DEPLOYMENT_TARGET = 11.0;
				PRODUCT_BUNDLE_IDENTIFIER = "dnstylish.com.Swipeable-Instagram-View-Layout";
				PRODUCT_NAME = "Swipeable Instagram View Layout";
				SDKROOT = macosx;
				SWIFT_VERSION = 5.0;
			};
			name = Debug;
		};
		1CBE2C462708DCCA0063AED6 /* Release */ = {
			isa = XCBuildConfiguration;
			buildSettings = {
				ASSETCATALOG_COMPILER_APPICON_NAME = AppIcon;
				ASSETCATALOG_COMPILER_GLOBAL_ACCENT_COLOR_NAME = AccentColor;
				CODE_SIGN_ENTITLEMENTS = macOS/macOS.entitlements;
				CODE_SIGN_STYLE = Automatic;
				COMBINE_HIDPI_IMAGES = YES;
				DEVELOPMENT_TEAM = L94FRY6ZUZ;
				ENABLE_HARDENED_RUNTIME = YES;
				ENABLE_PREVIEWS = YES;
				INFOPLIST_FILE = macOS/Info.plist;
				LD_RUNPATH_SEARCH_PATHS = (
					"$(inherited)",
					"@executable_path/../Frameworks",
				);
				MACOSX_DEPLOYMENT_TARGET = 11.0;
				PRODUCT_BUNDLE_IDENTIFIER = "dnstylish.com.Swipeable-Instagram-View-Layout";
				PRODUCT_NAME = "Swipeable Instagram View Layout";
				SDKROOT = macosx;
				SWIFT_VERSION = 5.0;
			};
			name = Release;
		};
/* End XCBuildConfiguration section */

/* Begin XCConfigurationList section */
		1CBE2C242708DCC50063AED6 /* Build configuration list for PBXProject "Swipeable Instagram View Layout" */ = {
			isa = XCConfigurationList;
			buildConfigurations = (
				1CBE2C3F2708DCCA0063AED6 /* Debug */,
				1CBE2C402708DCCA0063AED6 /* Release */,
			);
			defaultConfigurationIsVisible = 0;
			defaultConfigurationName = Release;
		};
		1CBE2C412708DCCA0063AED6 /* Build configuration list for PBXNativeTarget "Swipeable Instagram View Layout (iOS)" */ = {
			isa = XCConfigurationList;
			buildConfigurations = (
				1CBE2C422708DCCA0063AED6 /* Debug */,
				1CBE2C432708DCCA0063AED6 /* Release */,
			);
			defaultConfigurationIsVisible = 0;
			defaultConfigurationName = Release;
		};
		1CBE2C442708DCCA0063AED6 /* Build configuration list for PBXNativeTarget "Swipeable Instagram View Layout (macOS)" */ = {
			isa = XCConfigurationList;
			buildConfigurations = (
				1CBE2C452708DCCA0063AED6 /* Debug */,
				1CBE2C462708DCCA0063AED6 /* Release */,
			);
			defaultConfigurationIsVisible = 0;
			defaultConfigurationName = Release;
		};
/* End XCConfigurationList section */
	};
	rootObject = 1CBE2C212708DCC50063AED6 /* Project object */;
}
